
Microsoft Visual Studio Solution File, Format Version 12.00
# Visual Studio Version 17
VisualStudioVersion = 17.3.32811.315
MinimumVisualStudioVersion = 10.0.40219.1
Project("{9A19103F-16F7-4668-BE54-9A1E7A4F7556}") = "IdentityServerAspNetIdentity", "IdentityServerAspNetIdentity\IdentityServerAspNetIdentity.csproj", "{C5BC8C42-E179-4A42-80DE-40CA1BB8FE5B}"
EndProject
Project("{9A19103F-16F7-4668-BE54-9A1E7A4F7556}") = "MvcClient1", "MvcClient1\MvcClient1.csproj", "{00E06894-8CD0-41F2-8151-4BB65F0819F9}"
EndProject
Project("{9A19103F-16F7-4668-BE54-9A1E7A4F7556}") = "MvcClient2", "MvcClient2\MvcClient2.csproj", "{E0FD6AFA-8B1F-4743-82DE-571CB7AA6992}"
EndProject
Project("{9A19103F-16F7-4668-BE54-9A1E7A4F7556}") = "MvcClient3", "MvcClient3\MvcClient3.csproj", "{1E1F28D6-FF7B-488B-9DC7-FC1D5499263D}"
EndProject
Project("{9A19103F-16F7-4668-BE54-9A1E7A4F7556}") = "MvcClient4", "MvcClient4\MvcClient4.csproj", "{56DBAA4D-2100-434E-991E-4E78E8C066B4}"
EndProject
Global
	GlobalSection(SolutionConfigurationPlatforms) = preSolution
		Debug|Any CPU = Debug|Any CPU
		Release|Any CPU = Release|Any CPU
	EndGlobalSection
	GlobalSection(ProjectConfigurationPlatforms) = postSolution
		{C5BC8C42-E179-4A42-80DE-40CA1BB8FE5B}.Debug|Any CPU.ActiveCfg = Debug|Any CPU
		{C5BC8C42-E179-4A42-80DE-40CA1BB8FE5B}.Debug|Any CPU.Build.0 = Debug|Any CPU
		{C5BC8C42-E179-4A42-80DE-40CA1BB8FE5B}.Release|Any CPU.ActiveCfg = Release|Any CPU
		{C5BC8C42-E179-4A42-80DE-40CA1BB8FE5B}.Release|Any CPU.Build.0 = Release|Any CPU
		{00E06894-8CD0-41F2-8151-4BB65F0819F9}.Debug|Any CPU.ActiveCfg = Debug|Any CPU
		{00E06894-8CD0-41F2-8151-4BB65F0819F9}.Debug|Any CPU.Build.0 = Debug|Any CPU
		{00E06894-8CD0-41F2-8151-4BB65F0819F9}.Release|Any CPU.ActiveCfg = Release|Any CPU
		{00E06894-8CD0-41F2-8151-4BB65F0819F9}.Release|Any CPU.Build.0 = Release|Any CPU
		{E0FD6AFA-8B1F-4743-82DE-571CB7AA6992}.Debug|Any CPU.ActiveCfg = Debug|Any CPU
		{E0FD6AFA-8B1F-4743-82DE-571CB7AA6992}.Debug|Any CPU.Build.0 = Debug|Any CPU
		{E0FD6AFA-8B1F-4743-82DE-571CB7AA6992}.Release|Any CPU.ActiveCfg = Release|Any CPU
		{E0FD6AFA-8B1F-4743-82DE-571CB7AA6992}.Release|Any CPU.Build.0 = Release|Any CPU
		{1E1F28D6-FF7B-488B-9DC7-FC1D5499263D}.Debug|Any CPU.ActiveCfg = Debug|Any CPU
		{1E1F28D6-FF7B-488B-9DC7-FC1D5499263D}.Debug|Any CPU.Build.0 = Debug|Any CPU
		{1E1F28D6-FF7B-488B-9DC7-FC1D5499263D}.Release|Any CPU.ActiveCfg = Release|Any CPU
		{1E1F28D6-FF7B-488B-9DC7-FC1D5499263D}.Release|Any CPU.Build.0 = Release|Any CPU
		{56DBAA4D-2100-434E-991E-4E78E8C066B4}.Debug|Any CPU.ActiveCfg = Debug|Any CPU
		{56DBAA4D-2100-434E-991E-4E78E8C066B4}.Debug|Any CPU.Build.0 = Debug|Any CPU
		{56DBAA4D-2100-434E-991E-4E78E8C066B4}.Release|Any CPU.ActiveCfg = Release|Any CPU
		{56DBAA4D-2100-434E-991E-4E78E8C066B4}.Release|Any CPU.Build.0 = Release|Any CPU
	EndGlobalSection
	GlobalSection(SolutionProperties) = preSolution
		HideSolutionNode = FALSE
	EndGlobalSection
	GlobalSection(ExtensibilityGlobals) = postSolution
		SolutionGuid = {DE48D133-1A12-4BCC-9E20-C497FB329FDF}
	EndGlobalSection
EndGlobal
